
Microsoft Visual Studio Solution File, Format Version 12.00
# Visual Studio Version 17
VisualStudioVersion = 17.0.31903.59
MinimumVisualStudioVersion = 10.0.40219.1
Project("{FAE04EC0-301F-11D3-BF4B-00C04F79EFBC}") = "API", "API\API.csproj", "{B21EB1B4-8040-4FD3-B46F-1A2D5EDF6233}"
EndProject
Project("{FAE04EC0-301F-11D3-BF4B-00C04F79EFBC}") = "Core", "Core\Core.csproj", "{301789A8-195D-459A-9DAD-F15988FEDD3F}"
EndProject
Project("{FAE04EC0-301F-11D3-BF4B-00C04F79EFBC}") = "Infrastructure", "Infrastructure\Infrastructure.csproj", "{31E47AE2-F226-49BD-BDEE-9BF47DD87529}"
EndProject
Global
	GlobalSection(SolutionConfigurationPlatforms) = preSolution
		Debug|Any CPU = Debug|Any CPU
		Debug|x64 = Debug|x64
		Debug|x86 = Debug|x86
		Release|Any CPU = Release|Any CPU
		Release|x64 = Release|x64
		Release|x86 = Release|x86
	EndGlobalSection
	GlobalSection(ProjectConfigurationPlatforms) = postSolution
		{B21EB1B4-8040-4FD3-B46F-1A2D5EDF6233}.Debug|Any CPU.ActiveCfg = Debug|Any CPU
		{B21EB1B4-8040-4FD3-B46F-1A2D5EDF6233}.Debug|Any CPU.Build.0 = Debug|Any CPU
		{B21EB1B4-8040-4FD3-B46F-1A2D5EDF6233}.Debug|x64.ActiveCfg = Debug|Any CPU
		{B21EB1B4-8040-4FD3-B46F-1A2D5EDF6233}.Debug|x64.Build.0 = Debug|Any CPU
		{B21EB1B4-8040-4FD3-B46F-1A2D5EDF6233}.Debug|x86.ActiveCfg = Debug|Any CPU
		{B21EB1B4-8040-4FD3-B46F-1A2D5EDF6233}.Debug|x86.Build.0 = Debug|Any CPU
		{B21EB1B4-8040-4FD3-B46F-1A2D5EDF6233}.Release|Any CPU.ActiveCfg = Release|Any CPU
		{B21EB1B4-8040-4FD3-B46F-1A2D5EDF6233}.Release|Any CPU.Build.0 = Release|Any CPU
		{B21EB1B4-8040-4FD3-B46F-1A2D5EDF6233}.Release|x64.ActiveCfg = Release|Any CPU
		{B21EB1B4-8040-4FD3-B46F-1A2D5EDF6233}.Release|x64.Build.0 = Release|Any CPU
		{B21EB1B4-8040-4FD3-B46F-1A2D5EDF6233}.Release|x86.ActiveCfg = Release|Any CPU
		{B21EB1B4-8040-4FD3-B46F-1A2D5EDF6233}.Release|x86.Build.0 = Release|Any CPU
		{301789A8-195D-459A-9DAD-F15988FEDD3F}.Debug|Any CPU.ActiveCfg = Debug|Any CPU
		{301789A8-195D-459A-9DAD-F15988FEDD3F}.Debug|Any CPU.Build.0 = Debug|Any CPU
		{301789A8-195D-459A-9DAD-F15988FEDD3F}.Debug|x64.ActiveCfg = Debug|Any CPU
		{301789A8-195D-459A-9DAD-F15988FEDD3F}.Debug|x64.Build.0 = Debug|Any CPU
		{301789A8-195D-459A-9DAD-F15988FEDD3F}.Debug|x86.ActiveCfg = Debug|Any CPU
		{301789A8-195D-459A-9DAD-F15988FEDD3F}.Debug|x86.Build.0 = Debug|Any CPU
		{301789A8-195D-459A-9DAD-F15988FEDD3F}.Release|Any CPU.ActiveCfg = Release|Any CPU
		{301789A8-195D-459A-9DAD-F15988FEDD3F}.Release|Any CPU.Build.0 = Release|Any CPU
		{301789A8-195D-459A-9DAD-F15988FEDD3F}.Release|x64.ActiveCfg = Release|Any CPU
		{301789A8-195D-459A-9DAD-F15988FEDD3F}.Release|x64.Build.0 = Release|Any CPU
		{301789A8-195D-459A-9DAD-F15988FEDD3F}.Release|x86.ActiveCfg = Release|Any CPU
		{301789A8-195D-459A-9DAD-F15988FEDD3F}.Release|x86.Build.0 = Release|Any CPU
		{31E47AE2-F226-49BD-BDEE-9BF47DD87529}.Debug|Any CPU.ActiveCfg = Debug|Any CPU
		{31E47AE2-F226-49BD-BDEE-9BF47DD87529}.Debug|Any CPU.Build.0 = Debug|Any CPU
		{31E47AE2-F226-49BD-BDEE-9BF47DD87529}.Debug|x64.ActiveCfg = Debug|Any CPU
		{31E47AE2-F226-49BD-BDEE-9BF47DD87529}.Debug|x64.Build.0 = Debug|Any CPU
		{31E47AE2-F226-49BD-BDEE-9BF47DD87529}.Debug|x86.ActiveCfg = Debug|Any CPU
		{31E47AE2-F226-49BD-BDEE-9BF47DD87529}.Debug|x86.Build.0 = Debug|Any CPU
		{31E47AE2-F226-49BD-BDEE-9BF47DD87529}.Release|Any CPU.ActiveCfg = Release|Any CPU
		{31E47AE2-F226-49BD-BDEE-9BF47DD87529}.Release|Any CPU.Build.0 = Release|Any CPU
		{31E47AE2-F226-49BD-BDEE-9BF47DD87529}.Release|x64.ActiveCfg = Release|Any CPU
		{31E47AE2-F226-49BD-BDEE-9BF47DD87529}.Release|x64.Build.0 = Release|Any CPU
		{31E47AE2-F226-49BD-BDEE-9BF47DD87529}.Release|x86.ActiveCfg = Release|Any CPU
		{31E47AE2-F226-49BD-BDEE-9BF47DD87529}.Release|x86.Build.0 = Release|Any CPU
	EndGlobalSection
	GlobalSection(SolutionProperties) = preSolution
		HideSolutionNode = FALSE
	EndGlobalSection
EndGlobal
